
Microsoft Visual Studio Solution File, Format Version 12.00
# Visual Studio Version 16
VisualStudioVersion = 16.0.29920.165
MinimumVisualStudioVersion = 10.0.40219.1
Project("{8BC9CEB8-8B4A-11D0-8D11-00A0C91BC942}") = "application", "application\application.vcxproj", "{69C24887-16AC-4534-8EC9-E94601B26550}"
EndProject
Project("{8BC9CEB8-8B4A-11D0-8D11-00A0C91BC942}") = "test", "test\test.vcxproj", "{556CBDBE-F99D-486A-85E3-6B0996EEDBE9}"
EndProject
Global
	GlobalSection(SolutionConfigurationPlatforms) = preSolution
		Debug|x64 = Debug|x64
		Release|x64 = Release|x64
	EndGlobalSection
	GlobalSection(ProjectConfigurationPlatforms) = postSolution
		{69C24887-16AC-4534-8EC9-E94601B26550}.Debug|x64.ActiveCfg = Debug|x64
		{69C24887-16AC-4534-8EC9-E94601B26550}.Debug|x64.Build.0 = Debug|x64
		{69C24887-16AC-4534-8EC9-E94601B26550}.Release|x64.ActiveCfg = Debug|x64
		{69C24887-16AC-4534-8EC9-E94601B26550}.Release|x64.Build.0 = Debug|x64
		{556CBDBE-F99D-486A-85E3-6B0996EEDBE9}.Debug|x64.ActiveCfg = Debug|x64
		{556CBDBE-F99D-486A-85E3-6B0996EEDBE9}.Debug|x64.Build.0 = Debug|x64
		{556CBDBE-F99D-486A-85E3-6B0996EEDBE9}.Release|x64.ActiveCfg = Debug|x64
		{556CBDBE-F99D-486A-85E3-6B0996EEDBE9}.Release|x64.Build.0 = Debug|x64
	EndGlobalSection
	GlobalSection(SolutionProperties) = preSolution
		HideSolutionNode = FALSE
	EndGlobalSection
	GlobalSection(ExtensibilityGlobals) = postSolution
		SolutionGuid = {B2FD2EA8-6948-4274-9E89-B700ED1E7AF5}
	EndGlobalSection
EndGlobal
