
Microsoft Visual Studio Solution File, Format Version 12.00
# Visual Studio Version 16
VisualStudioVersion = 16.0.29920.165
MinimumVisualStudioVersion = 10.0.40219.1
Project("{8BC9CEB8-8B4A-11D0-8D11-00A0C91BC942}") = "application", "application\application.vcxproj", "{D7635E59-515B-40F3-8777-D30EF5098200}"
EndProject
Project("{8BC9CEB8-8B4A-11D0-8D11-00A0C91BC942}") = "test", "test\test.vcxproj", "{569C17CF-D013-48AA-A5EA-6FBBAC8DEEE0}"
EndProject
Global
	GlobalSection(SolutionConfigurationPlatforms) = preSolution
		Debug|x64 = Debug|x64
		Release|x64 = Release|x64
	EndGlobalSection
	GlobalSection(ProjectConfigurationPlatforms) = postSolution
		{D7635E59-515B-40F3-8777-D30EF5098200}.Debug|x64.ActiveCfg = Debug|x64
		{D7635E59-515B-40F3-8777-D30EF5098200}.Debug|x64.Build.0 = Debug|x64
		{D7635E59-515B-40F3-8777-D30EF5098200}.Release|x64.ActiveCfg = Debug|x64
		{D7635E59-515B-40F3-8777-D30EF5098200}.Release|x64.Build.0 = Debug|x64
		{569C17CF-D013-48AA-A5EA-6FBBAC8DEEE0}.Debug|x64.ActiveCfg = Debug|x64
		{569C17CF-D013-48AA-A5EA-6FBBAC8DEEE0}.Debug|x64.Build.0 = Debug|x64
		{569C17CF-D013-48AA-A5EA-6FBBAC8DEEE0}.Release|x64.ActiveCfg = Debug|x64
		{569C17CF-D013-48AA-A5EA-6FBBAC8DEEE0}.Release|x64.Build.0 = Debug|x64
	EndGlobalSection
	GlobalSection(SolutionProperties) = preSolution
		HideSolutionNode = FALSE
	EndGlobalSection
	GlobalSection(ExtensibilityGlobals) = postSolution
		SolutionGuid = {AED0A2C7-5CA0-431F-90F9-3D63A9CB85F4}
	EndGlobalSection
EndGlobal
